
Microsoft Visual Studio Solution File, Format Version 12.00
# Visual Studio Version 17
VisualStudioVersion = 17.12.35527.113 d17.12
MinimumVisualStudioVersion = 10.0.40219.1
Project("{FAE04EC0-301F-11D3-BF4B-00C04F79EFBC}") = "DhanAlgoTrading", "DhanAlgoTrading\DhanAlgoTrading.csproj", "{77197999-152A-4E0E-B38E-7809CFFE7594}"
EndProject
Project("{FAE04EC0-301F-11D3-BF4B-00C04F79EFBC}") = "DhanAlgoTrading.Tests", "DhanAlgoTrading.Tests\DhanAlgoTrading.Tests.csproj", "{3C118105-3BB8-41B2-880F-19339FED7E1C}"
EndProject
Global
	GlobalSection(SolutionConfigurationPlatforms) = preSolution
		Debug|Any CPU = Debug|Any CPU
		Release|Any CPU = Release|Any CPU
	EndGlobalSection
	GlobalSection(ProjectConfigurationPlatforms) = postSolution
		{77197999-152A-4E0E-B38E-7809CFFE7594}.Debug|Any CPU.ActiveCfg = Debug|Any CPU
		{77197999-152A-4E0E-B38E-7809CFFE7594}.Debug|Any CPU.Build.0 = Debug|Any CPU
		{77197999-152A-4E0E-B38E-7809CFFE7594}.Release|Any CPU.ActiveCfg = Release|Any CPU
                {77197999-152A-4E0E-B38E-7809CFFE7594}.Release|Any CPU.Build.0 = Release|Any CPU
                {3C118105-3BB8-41B2-880F-19339FED7E1C}.Debug|Any CPU.ActiveCfg = Debug|Any CPU
                {3C118105-3BB8-41B2-880F-19339FED7E1C}.Debug|Any CPU.Build.0 = Debug|Any CPU
                {3C118105-3BB8-41B2-880F-19339FED7E1C}.Release|Any CPU.ActiveCfg = Release|Any CPU
                {3C118105-3BB8-41B2-880F-19339FED7E1C}.Release|Any CPU.Build.0 = Release|Any CPU
        EndGlobalSection
	GlobalSection(SolutionProperties) = preSolution
		HideSolutionNode = FALSE
	EndGlobalSection
EndGlobal
